
Microsoft Visual Studio Solution File, Format Version 12.00
# Visual Studio Version 17
VisualStudioVersion = 17.6.33801.468
MinimumVisualStudioVersion = 10.0.40219.1
Project("{FAE04EC0-301F-11D3-BF4B-00C04F79EFBC}") = "HydrometcentreApp", "HydrometcentreApp\HydrometcentreApp.csproj", "{DED00D81-B0EF-4E1A-B53B-CAA94C7F100C}"
EndProject
Global
	GlobalSection(SolutionConfigurationPlatforms) = preSolution
		Debug|Any CPU = Debug|Any CPU
		Release|Any CPU = Release|Any CPU
	EndGlobalSection
	GlobalSection(ProjectConfigurationPlatforms) = postSolution
		{DED00D81-B0EF-4E1A-B53B-CAA94C7F100C}.Debug|Any CPU.ActiveCfg = Debug|Any CPU
		{DED00D81-B0EF-4E1A-B53B-CAA94C7F100C}.Debug|Any CPU.Build.0 = Debug|Any CPU
		{DED00D81-B0EF-4E1A-B53B-CAA94C7F100C}.Debug|Any CPU.Deploy.0 = Debug|Any CPU
		{DED00D81-B0EF-4E1A-B53B-CAA94C7F100C}.Release|Any CPU.ActiveCfg = Release|Any CPU
		{DED00D81-B0EF-4E1A-B53B-CAA94C7F100C}.Release|Any CPU.Build.0 = Release|Any CPU
		{DED00D81-B0EF-4E1A-B53B-CAA94C7F100C}.Release|Any CPU.Deploy.0 = Release|Any CPU
	EndGlobalSection
	GlobalSection(SolutionProperties) = preSolution
		HideSolutionNode = FALSE
	EndGlobalSection
	GlobalSection(ExtensibilityGlobals) = postSolution
		SolutionGuid = {679C4F77-DDBB-486C-B795-F5B1E846582D}
	EndGlobalSection
EndGlobal
